
Microsoft Visual Studio Solution File, Format Version 12.00
# Visual Studio Version 17
VisualStudioVersion = 17.2.32630.192
MinimumVisualStudioVersion = 10.0.40219.1
Project("{FAE04EC0-301F-11D3-BF4B-00C04F79EFBC}") = "ProyectoMiApiRest", "ProyectoMiApiRest\ProyectoMiApiRest.csproj", "{9B25F4BA-354B-4817-A695-9D9DF6F1F28A}"
EndProject
Global
	GlobalSection(SolutionConfigurationPlatforms) = preSolution
		Debug|Any CPU = Debug|Any CPU
		Release|Any CPU = Release|Any CPU
	EndGlobalSection
	GlobalSection(ProjectConfigurationPlatforms) = postSolution
		{9B25F4BA-354B-4817-A695-9D9DF6F1F28A}.Debug|Any CPU.ActiveCfg = Debug|Any CPU
		{9B25F4BA-354B-4817-A695-9D9DF6F1F28A}.Debug|Any CPU.Build.0 = Debug|Any CPU
		{9B25F4BA-354B-4817-A695-9D9DF6F1F28A}.Release|Any CPU.ActiveCfg = Release|Any CPU
		{9B25F4BA-354B-4817-A695-9D9DF6F1F28A}.Release|Any CPU.Build.0 = Release|Any CPU
	EndGlobalSection
	GlobalSection(SolutionProperties) = preSolution
		HideSolutionNode = FALSE
	EndGlobalSection
	GlobalSection(ExtensibilityGlobals) = postSolution
		SolutionGuid = {9B67C145-559A-45B0-86DD-9BC7434D440F}
	EndGlobalSection
EndGlobal
